// !$*UTF8*$!
{
	archiveVersion = 1;
	classes = {
	};
	objectVersion = 56;
	objects = {

/* Begin PBXBuildFile section */
		400CD8B92C47600000ABD914 /* ItemDetailView.swift in Sources */ = {isa = PBXBuildFile; fileRef = 400CD8B82C47600000ABD914 /* ItemDetailView.swift */; };
		401B17ED2C49E989001D104F /* AttributeListView.swift in Sources */ = {isa = PBXBuildFile; fileRef = 401B17EC2C49E989001D104F /* AttributeListView.swift */; };
		401B17EF2C49EC95001D104F /* AttributesDetailView.swift in Sources */ = {isa = PBXBuildFile; fileRef = 401B17EE2C49EC95001D104F /* AttributesDetailView.swift */; };
		403540392C48663D0098D2FC /* mockSearchResponse.json in Resources */ = {isa = PBXBuildFile; fileRef = 403540382C48663D0098D2FC /* mockSearchResponse.json */; };
		4035403B2C4867020098D2FC /* Helpers+Extras.swift in Sources */ = {isa = PBXBuildFile; fileRef = 4035403A2C4867020098D2FC /* Helpers+Extras.swift */; };
		405CC49A2C485D3300306E09 /* MockService.swift in Sources */ = {isa = PBXBuildFile; fileRef = 405CC4992C485D3300306E09 /* MockService.swift */; };
		405CC49E2C485F4B00306E09 /* ListSearchViewModelTest.swift in Sources */ = {isa = PBXBuildFile; fileRef = 405CC49D2C485F4B00306E09 /* ListSearchViewModelTest.swift */; };
		405D049C2C41A8E80093A082 /* TabBarViewController.swift in Sources */ = {isa = PBXBuildFile; fileRef = 405D049B2C41A8E80093A082 /* TabBarViewController.swift */; };
		405D049F2C41B08A0093A082 /* SearchBarView.swift in Sources */ = {isa = PBXBuildFile; fileRef = 405D049E2C41B08A0093A082 /* SearchBarView.swift */; };
		405D04EE2C4211490093A082 /* ListSearchView.swift in Sources */ = {isa = PBXBuildFile; fileRef = 405D04ED2C4211490093A082 /* ListSearchView.swift */; };
		405D04F02C4211760093A082 /* ListSearchViewModel.swift in Sources */ = {isa = PBXBuildFile; fileRef = 405D04EF2C4211760093A082 /* ListSearchViewModel.swift */; };
		405D04F42C421BC50093A082 /* (null) in Resources */ = {isa = PBXBuildFile; };
		405D3C062C41A5B1001B7A6A /* AppDelegate.swift in Sources */ = {isa = PBXBuildFile; fileRef = 405D3C052C41A5B1001B7A6A /* AppDelegate.swift */; };
		405D3C082C41A5B1001B7A6A /* SceneDelegate.swift in Sources */ = {isa = PBXBuildFile; fileRef = 405D3C072C41A5B1001B7A6A /* SceneDelegate.swift */; };
		405D3C0F2C41A5B1001B7A6A /* Assets.xcassets in Resources */ = {isa = PBXBuildFile; fileRef = 405D3C0E2C41A5B1001B7A6A /* Assets.xcassets */; };
		405D3C122C41A5B1001B7A6A /* Base in Resources */ = {isa = PBXBuildFile; fileRef = 405D3C112C41A5B1001B7A6A /* Base */; };
		405D3C272C41A5B1001B7A6A /* MeliDemoUITests.swift in Sources */ = {isa = PBXBuildFile; fileRef = 405D3C262C41A5B1001B7A6A /* MeliDemoUITests.swift */; };
		405D3C292C41A5B1001B7A6A /* MeliDemoUITestsLaunchTests.swift in Sources */ = {isa = PBXBuildFile; fileRef = 405D3C282C41A5B1001B7A6A /* MeliDemoUITestsLaunchTests.swift */; };
		406EDFB42C47A127006BCDCD /* SellerModel.swift in Sources */ = {isa = PBXBuildFile; fileRef = 406EDFB32C47A127006BCDCD /* SellerModel.swift */; };
		406EDFB62C47A142006BCDCD /* AttributeModel.swift in Sources */ = {isa = PBXBuildFile; fileRef = 406EDFB52C47A142006BCDCD /* AttributeModel.swift */; };
		406EDFB82C47A15F006BCDCD /* PictureModel.swift in Sources */ = {isa = PBXBuildFile; fileRef = 406EDFB72C47A15F006BCDCD /* PictureModel.swift */; };
		407F5A0B2C423E670047B95B /* LaunchScreen.storyboard in Resources */ = {isa = PBXBuildFile; fileRef = 405D3C102C41A5B1001B7A6A /* LaunchScreen.storyboard */; };
		407F5A0E2C423F250047B95B /* Factory in Frameworks */ = {isa = PBXBuildFile; productRef = 407F5A0D2C423F250047B95B /* Factory */; };
		407F5A112C423F530047B95B /* APIManager.swift in Sources */ = {isa = PBXBuildFile; fileRef = 407F5A102C423F530047B95B /* APIManager.swift */; };
		40D030D72C45A4640063E2D8 /* Bundle.swift in Sources */ = {isa = PBXBuildFile; fileRef = 40D030D62C45A4640063E2D8 /* Bundle.swift */; };
		40D030DA2C45A69A0063E2D8 /* Constants.swift in Sources */ = {isa = PBXBuildFile; fileRef = 40D030D92C45A69A0063E2D8 /* Constants.swift */; };
		40D030DD2C45DC9E0063E2D8 /* ItemModel.swift in Sources */ = {isa = PBXBuildFile; fileRef = 40D030DC2C45DC9E0063E2D8 /* ItemModel.swift */; };
		40D030DF2C45DCCE0063E2D8 /* SearchResponse.swift in Sources */ = {isa = PBXBuildFile; fileRef = 40D030DE2C45DCCE0063E2D8 /* SearchResponse.swift */; };
		40D030E12C4609910063E2D8 /* Double+Extras.swift in Sources */ = {isa = PBXBuildFile; fileRef = 40D030E02C4609910063E2D8 /* Double+Extras.swift */; };
		40D030E32C460CB70063E2D8 /* ItemRowView.swift in Sources */ = {isa = PBXBuildFile; fileRef = 40D030E22C460CB70063E2D8 /* ItemRowView.swift */; };
		40D030E62C461D540063E2D8 /* Kingfisher in Frameworks */ = {isa = PBXBuildFile; productRef = 40D030E52C461D540063E2D8 /* Kingfisher */; };
		40D030E92C4629300063E2D8 /* AsyncContentView.swift in Sources */ = {isa = PBXBuildFile; fileRef = 40D030E82C4629300063E2D8 /* AsyncContentView.swift */; };
		40D030EC2C4629640063E2D8 /* ErrorView.swift in Sources */ = {isa = PBXBuildFile; fileRef = 40D030EB2C4629640063E2D8 /* ErrorView.swift */; };
		40D030EF2C462F3B0063E2D8 /* SwiftfulLoadingIndicators in Frameworks */ = {isa = PBXBuildFile; productRef = 40D030EE2C462F3B0063E2D8 /* SwiftfulLoadingIndicators */; };
		40D81D5E2C47661600CC949B /* NavigationManager.swift in Sources */ = {isa = PBXBuildFile; fileRef = 40D81D5D2C47661600CC949B /* NavigationManager.swift */; };
		40D81D722C47699900CC949B /* ItemDetailViewModel.swift in Sources */ = {isa = PBXBuildFile; fileRef = 40D81D712C47699900CC949B /* ItemDetailViewModel.swift */; };
/* End PBXBuildFile section */

/* Begin PBXContainerItemProxy section */
		405D3C192C41A5B1001B7A6A /* PBXContainerItemProxy */ = {
			isa = PBXContainerItemProxy;
			containerPortal = 405D3BFA2C41A5B1001B7A6A /* Project object */;
			proxyType = 1;
			remoteGlobalIDString = 405D3C012C41A5B1001B7A6A;
			remoteInfo = MeliDemo;
		};
		405D3C232C41A5B1001B7A6A /* PBXContainerItemProxy */ = {
			isa = PBXContainerItemProxy;
			containerPortal = 405D3BFA2C41A5B1001B7A6A /* Project object */;
			proxyType = 1;
			remoteGlobalIDString = 405D3C012C41A5B1001B7A6A;
			remoteInfo = MeliDemo;
		};
/* End PBXContainerItemProxy section */

/* Begin PBXFileReference section */
		400CD8B82C47600000ABD914 /* ItemDetailView.swift */ = {isa = PBXFileReference; lastKnownFileType = sourcecode.swift; path = ItemDetailView.swift; sourceTree = "<group>"; };
		401B17EC2C49E989001D104F /* AttributeListView.swift */ = {isa = PBXFileReference; lastKnownFileType = sourcecode.swift; path = AttributeListView.swift; sourceTree = "<group>"; };
		401B17EE2C49EC95001D104F /* AttributesDetailView.swift */ = {isa = PBXFileReference; lastKnownFileType = sourcecode.swift; path = AttributesDetailView.swift; sourceTree = "<group>"; };
		403540382C48663D0098D2FC /* mockSearchResponse.json */ = {isa = PBXFileReference; lastKnownFileType = text.json; path = mockSearchResponse.json; sourceTree = "<group>"; };
		4035403A2C4867020098D2FC /* Helpers+Extras.swift */ = {isa = PBXFileReference; lastKnownFileType = sourcecode.swift; path = "Helpers+Extras.swift"; sourceTree = "<group>"; };
		405CC4992C485D3300306E09 /* MockService.swift */ = {isa = PBXFileReference; lastKnownFileType = sourcecode.swift; path = MockService.swift; sourceTree = "<group>"; };
		405CC49D2C485F4B00306E09 /* ListSearchViewModelTest.swift */ = {isa = PBXFileReference; lastKnownFileType = sourcecode.swift; path = ListSearchViewModelTest.swift; sourceTree = "<group>"; };
		405D049B2C41A8E80093A082 /* TabBarViewController.swift */ = {isa = PBXFileReference; lastKnownFileType = sourcecode.swift; path = TabBarViewController.swift; sourceTree = "<group>"; };
		405D049E2C41B08A0093A082 /* SearchBarView.swift */ = {isa = PBXFileReference; lastKnownFileType = sourcecode.swift; path = SearchBarView.swift; sourceTree = "<group>"; };
		405D04ED2C4211490093A082 /* ListSearchView.swift */ = {isa = PBXFileReference; lastKnownFileType = sourcecode.swift; path = ListSearchView.swift; sourceTree = "<group>"; };
		405D04EF2C4211760093A082 /* ListSearchViewModel.swift */ = {isa = PBXFileReference; lastKnownFileType = sourcecode.swift; path = ListSearchViewModel.swift; sourceTree = "<group>"; };
		405D3C022C41A5B1001B7A6A /* MeliDemo.app */ = {isa = PBXFileReference; explicitFileType = wrapper.application; includeInIndex = 0; path = MeliDemo.app; sourceTree = BUILT_PRODUCTS_DIR; };
		405D3C052C41A5B1001B7A6A /* AppDelegate.swift */ = {isa = PBXFileReference; lastKnownFileType = sourcecode.swift; path = AppDelegate.swift; sourceTree = "<group>"; };
		405D3C072C41A5B1001B7A6A /* SceneDelegate.swift */ = {isa = PBXFileReference; lastKnownFileType = sourcecode.swift; path = SceneDelegate.swift; sourceTree = "<group>"; };
		405D3C0E2C41A5B1001B7A6A /* Assets.xcassets */ = {isa = PBXFileReference; lastKnownFileType = folder.assetcatalog; path = Assets.xcassets; sourceTree = "<group>"; };
		405D3C112C41A5B1001B7A6A /* Base */ = {isa = PBXFileReference; lastKnownFileType = file.storyboard; name = Base; path = Base.lproj/LaunchScreen.storyboard; sourceTree = "<group>"; };
		405D3C132C41A5B1001B7A6A /* Info.plist */ = {isa = PBXFileReference; lastKnownFileType = text.plist.xml; path = Info.plist; sourceTree = "<group>"; };
		405D3C182C41A5B1001B7A6A /* MeliDemoTests.xctest */ = {isa = PBXFileReference; explicitFileType = wrapper.cfbundle; includeInIndex = 0; path = MeliDemoTests.xctest; sourceTree = BUILT_PRODUCTS_DIR; };
		405D3C222C41A5B1001B7A6A /* MeliDemoUITests.xctest */ = {isa = PBXFileReference; explicitFileType = wrapper.cfbundle; includeInIndex = 0; path = MeliDemoUITests.xctest; sourceTree = BUILT_PRODUCTS_DIR; };
		405D3C262C41A5B1001B7A6A /* MeliDemoUITests.swift */ = {isa = PBXFileReference; lastKnownFileType = sourcecode.swift; path = MeliDemoUITests.swift; sourceTree = "<group>"; };
		405D3C282C41A5B1001B7A6A /* MeliDemoUITestsLaunchTests.swift */ = {isa = PBXFileReference; lastKnownFileType = sourcecode.swift; path = MeliDemoUITestsLaunchTests.swift; sourceTree = "<group>"; };
		406EDFB32C47A127006BCDCD /* SellerModel.swift */ = {isa = PBXFileReference; lastKnownFileType = sourcecode.swift; path = SellerModel.swift; sourceTree = "<group>"; };
		406EDFB52C47A142006BCDCD /* AttributeModel.swift */ = {isa = PBXFileReference; lastKnownFileType = sourcecode.swift; path = AttributeModel.swift; sourceTree = "<group>"; };
		406EDFB72C47A15F006BCDCD /* PictureModel.swift */ = {isa = PBXFileReference; lastKnownFileType = sourcecode.swift; path = PictureModel.swift; sourceTree = "<group>"; };
		407F5A102C423F530047B95B /* APIManager.swift */ = {isa = PBXFileReference; lastKnownFileType = sourcecode.swift; path = APIManager.swift; sourceTree = "<group>"; };
		40D030D62C45A4640063E2D8 /* Bundle.swift */ = {isa = PBXFileReference; lastKnownFileType = sourcecode.swift; path = Bundle.swift; sourceTree = "<group>"; };
		40D030D92C45A69A0063E2D8 /* Constants.swift */ = {isa = PBXFileReference; lastKnownFileType = sourcecode.swift; path = Constants.swift; sourceTree = "<group>"; };
		40D030DC2C45DC9E0063E2D8 /* ItemModel.swift */ = {isa = PBXFileReference; lastKnownFileType = sourcecode.swift; path = ItemModel.swift; sourceTree = "<group>"; };
		40D030DE2C45DCCE0063E2D8 /* SearchResponse.swift */ = {isa = PBXFileReference; lastKnownFileType = sourcecode.swift; path = SearchResponse.swift; sourceTree = "<group>"; };
		40D030E02C4609910063E2D8 /* Double+Extras.swift */ = {isa = PBXFileReference; lastKnownFileType = sourcecode.swift; path = "Double+Extras.swift"; sourceTree = "<group>"; };
		40D030E22C460CB70063E2D8 /* ItemRowView.swift */ = {isa = PBXFileReference; lastKnownFileType = sourcecode.swift; path = ItemRowView.swift; sourceTree = "<group>"; };
		40D030E82C4629300063E2D8 /* AsyncContentView.swift */ = {isa = PBXFileReference; lastKnownFileType = sourcecode.swift; path = AsyncContentView.swift; sourceTree = "<group>"; };
		40D030EB2C4629640063E2D8 /* ErrorView.swift */ = {isa = PBXFileReference; lastKnownFileType = sourcecode.swift; path = ErrorView.swift; sourceTree = "<group>"; };
		40D81D5D2C47661600CC949B /* NavigationManager.swift */ = {isa = PBXFileReference; lastKnownFileType = sourcecode.swift; path = NavigationManager.swift; sourceTree = "<group>"; };
		40D81D712C47699900CC949B /* ItemDetailViewModel.swift */ = {isa = PBXFileReference; lastKnownFileType = sourcecode.swift; path = ItemDetailViewModel.swift; sourceTree = "<group>"; };
/* End PBXFileReference section */

/* Begin PBXFrameworksBuildPhase section */
		405D3BFF2C41A5B1001B7A6A /* Frameworks */ = {
			isa = PBXFrameworksBuildPhase;
			buildActionMask = 2147483647;
			files = (
				40D030E62C461D540063E2D8 /* Kingfisher in Frameworks */,
				407F5A0E2C423F250047B95B /* Factory in Frameworks */,
				40D030EF2C462F3B0063E2D8 /* SwiftfulLoadingIndicators in Frameworks */,
			);
			runOnlyForDeploymentPostprocessing = 0;
		};
		405D3C152C41A5B1001B7A6A /* Frameworks */ = {
			isa = PBXFrameworksBuildPhase;
			buildActionMask = 2147483647;
			files = (
			);
			runOnlyForDeploymentPostprocessing = 0;
		};
		405D3C1F2C41A5B1001B7A6A /* Frameworks */ = {
			isa = PBXFrameworksBuildPhase;
			buildActionMask = 2147483647;
			files = (
			);
			runOnlyForDeploymentPostprocessing = 0;
		};
/* End PBXFrameworksBuildPhase section */

/* Begin PBXGroup section */
		400CD8B72C475FE000ABD914 /* ItemView */ = {
			isa = PBXGroup;
			children = (
				40D030E22C460CB70063E2D8 /* ItemRowView.swift */,
				400CD8B82C47600000ABD914 /* ItemDetailView.swift */,
				40D81D712C47699900CC949B /* ItemDetailViewModel.swift */,
			);
			path = ItemView;
			sourceTree = "<group>";
		};
		401B17EB2C49E96E001D104F /* AttributeView */ = {
			isa = PBXGroup;
			children = (
				401B17EC2C49E989001D104F /* AttributeListView.swift */,
				401B17EE2C49EC95001D104F /* AttributesDetailView.swift */,
			);
			path = AttributeView;
			sourceTree = "<group>";
		};
		405CC4972C485D1700306E09 /* Helpers */ = {
			isa = PBXGroup;
			children = (
				405CC4982C485D2400306E09 /* Mocks */,
				4035403A2C4867020098D2FC /* Helpers+Extras.swift */,
			);
			path = Helpers;
			sourceTree = "<group>";
		};
		405CC4982C485D2400306E09 /* Mocks */ = {
			isa = PBXGroup;
			children = (
				403540382C48663D0098D2FC /* mockSearchResponse.json */,
				405CC4992C485D3300306E09 /* MockService.swift */,
			);
			path = Mocks;
			sourceTree = "<group>";
		};
		405D04972C41A8880093A082 /* App */ = {
			isa = PBXGroup;
			children = (
				40D030D82C45A67D0063E2D8 /* Constants */,
				40D030D52C45A45B0063E2D8 /* Extensions */,
				405D04F62C42338D0093A082 /* ViewModifiers */,
				405D04992C41A8AA0093A082 /* Managers */,
				40D030DB2C45DC690063E2D8 /* Models */,
				405D04982C41A89D0093A082 /* Modules */,
			);
			path = App;
			sourceTree = "<group>";
		};
		405D04982C41A89D0093A082 /* Modules */ = {
			isa = PBXGroup;
			children = (
				40D030EA2C4629460063E2D8 /* ErrorView */,
				405D04EC2C42112F0093A082 /* ListSearch */,
				401B17EB2C49E96E001D104F /* AttributeView */,
				400CD8B72C475FE000ABD914 /* ItemView */,
				40D030E72C46291A0063E2D8 /* AsyncContentView */,
				405D049D2C41B0790093A082 /* SearchBar */,
				405D049A2C41A8D10093A082 /* TabBar */,
			);
			path = Modules;
			sourceTree = "<group>";
		};
		405D04992C41A8AA0093A082 /* Managers */ = {
			isa = PBXGroup;
			children = (
				40D81D5C2C47660A00CC949B /* NavigationManager */,
				407F5A0F2C423F2E0047B95B /* APIManager */,
			);
			path = Managers;
			sourceTree = "<group>";
		};
		405D049A2C41A8D10093A082 /* TabBar */ = {
			isa = PBXGroup;
			children = (
				405D049B2C41A8E80093A082 /* TabBarViewController.swift */,
			);
			path = TabBar;
			sourceTree = "<group>";
		};
		405D049D2C41B0790093A082 /* SearchBar */ = {
			isa = PBXGroup;
			children = (
				405D049E2C41B08A0093A082 /* SearchBarView.swift */,
			);
			path = SearchBar;
			sourceTree = "<group>";
		};
		405D04EC2C42112F0093A082 /* ListSearch */ = {
			isa = PBXGroup;
			children = (
				405D04ED2C4211490093A082 /* ListSearchView.swift */,
				405D04EF2C4211760093A082 /* ListSearchViewModel.swift */,
			);
			path = ListSearch;
			sourceTree = "<group>";
		};
		405D04F62C42338D0093A082 /* ViewModifiers */ = {
			isa = PBXGroup;
			children = (
			);
			path = ViewModifiers;
			sourceTree = "<group>";
		};
		405D3BF92C41A5B1001B7A6A = {
			isa = PBXGroup;
			children = (
				405D3C042C41A5B1001B7A6A /* MeliDemo */,
				405D3C1B2C41A5B1001B7A6A /* MeliDemoTests */,
				405D3C252C41A5B1001B7A6A /* MeliDemoUITests */,
				405D3C032C41A5B1001B7A6A /* Products */,
			);
			sourceTree = "<group>";
		};
		405D3C032C41A5B1001B7A6A /* Products */ = {
			isa = PBXGroup;
			children = (
				405D3C022C41A5B1001B7A6A /* MeliDemo.app */,
				405D3C182C41A5B1001B7A6A /* MeliDemoTests.xctest */,
				405D3C222C41A5B1001B7A6A /* MeliDemoUITests.xctest */,
			);
			name = Products;
			sourceTree = "<group>";
		};
		405D3C042C41A5B1001B7A6A /* MeliDemo */ = {
			isa = PBXGroup;
			children = (
				405D04972C41A8880093A082 /* App */,
				405D3C052C41A5B1001B7A6A /* AppDelegate.swift */,
				405D3C072C41A5B1001B7A6A /* SceneDelegate.swift */,
				405D3C0E2C41A5B1001B7A6A /* Assets.xcassets */,
				405D3C102C41A5B1001B7A6A /* LaunchScreen.storyboard */,
				405D3C132C41A5B1001B7A6A /* Info.plist */,
			);
			path = MeliDemo;
			sourceTree = "<group>";
		};
		405D3C1B2C41A5B1001B7A6A /* MeliDemoTests */ = {
			isa = PBXGroup;
			children = (
				405CC4972C485D1700306E09 /* Helpers */,
				405CC49D2C485F4B00306E09 /* ListSearchViewModelTest.swift */,
			);
			path = MeliDemoTests;
			sourceTree = "<group>";
		};
		405D3C252C41A5B1001B7A6A /* MeliDemoUITests */ = {
			isa = PBXGroup;
			children = (
				405D3C262C41A5B1001B7A6A /* MeliDemoUITests.swift */,
				405D3C282C41A5B1001B7A6A /* MeliDemoUITestsLaunchTests.swift */,
			);
			path = MeliDemoUITests;
			sourceTree = "<group>";
		};
		407F5A0F2C423F2E0047B95B /* APIManager */ = {
			isa = PBXGroup;
			children = (
				407F5A102C423F530047B95B /* APIManager.swift */,
			);
			path = APIManager;
			sourceTree = "<group>";
		};
		40D030D52C45A45B0063E2D8 /* Extensions */ = {
			isa = PBXGroup;
			children = (
				40D030D62C45A4640063E2D8 /* Bundle.swift */,
				40D030E02C4609910063E2D8 /* Double+Extras.swift */,
			);
			path = Extensions;
			sourceTree = "<group>";
		};
		40D030D82C45A67D0063E2D8 /* Constants */ = {
			isa = PBXGroup;
			children = (
				40D030D92C45A69A0063E2D8 /* Constants.swift */,
			);
			path = Constants;
			sourceTree = "<group>";
		};
		40D030DB2C45DC690063E2D8 /* Models */ = {
			isa = PBXGroup;
			children = (
				40D030DC2C45DC9E0063E2D8 /* ItemModel.swift */,
				40D030DE2C45DCCE0063E2D8 /* SearchResponse.swift */,
				406EDFB32C47A127006BCDCD /* SellerModel.swift */,
				406EDFB52C47A142006BCDCD /* AttributeModel.swift */,
				406EDFB72C47A15F006BCDCD /* PictureModel.swift */,
			);
			path = Models;
			sourceTree = "<group>";
		};
		40D030E72C46291A0063E2D8 /* AsyncContentView */ = {
			isa = PBXGroup;
			children = (
				40D030E82C4629300063E2D8 /* AsyncContentView.swift */,
			);
			path = AsyncContentView;
			sourceTree = "<group>";
		};
		40D030EA2C4629460063E2D8 /* ErrorView */ = {
			isa = PBXGroup;
			children = (
				40D030EB2C4629640063E2D8 /* ErrorView.swift */,
			);
			path = ErrorView;
			sourceTree = "<group>";
		};
		40D81D5C2C47660A00CC949B /* NavigationManager */ = {
			isa = PBXGroup;
			children = (
				40D81D5D2C47661600CC949B /* NavigationManager.swift */,
			);
			path = NavigationManager;
			sourceTree = "<group>";
		};
/* End PBXGroup section */

/* Begin PBXNativeTarget section */
		405D3C012C41A5B1001B7A6A /* MeliDemo */ = {
			isa = PBXNativeTarget;
			buildConfigurationList = 405D3C2C2C41A5B1001B7A6A /* Build configuration list for PBXNativeTarget "MeliDemo" */;
			buildPhases = (
				405D3BFE2C41A5B1001B7A6A /* Sources */,
				405D3BFF2C41A5B1001B7A6A /* Frameworks */,
				405D3C002C41A5B1001B7A6A /* Resources */,
			);
			buildRules = (
			);
			dependencies = (
			);
			name = MeliDemo;
			packageProductDependencies = (
				407F5A0D2C423F250047B95B /* Factory */,
				40D030E52C461D540063E2D8 /* Kingfisher */,
				40D030EE2C462F3B0063E2D8 /* SwiftfulLoadingIndicators */,
			);
			productName = MeliDemo;
			productReference = 405D3C022C41A5B1001B7A6A /* MeliDemo.app */;
			productType = "com.apple.product-type.application";
		};
		405D3C172C41A5B1001B7A6A /* MeliDemoTests */ = {
			isa = PBXNativeTarget;
			buildConfigurationList = 405D3C2F2C41A5B1001B7A6A /* Build configuration list for PBXNativeTarget "MeliDemoTests" */;
			buildPhases = (
				405D3C142C41A5B1001B7A6A /* Sources */,
				405D3C152C41A5B1001B7A6A /* Frameworks */,
				405D3C162C41A5B1001B7A6A /* Resources */,
			);
			buildRules = (
			);
			dependencies = (
				405D3C1A2C41A5B1001B7A6A /* PBXTargetDependency */,
			);
			name = MeliDemoTests;
			productName = MeliDemoTests;
			productReference = 405D3C182C41A5B1001B7A6A /* MeliDemoTests.xctest */;
			productType = "com.apple.product-type.bundle.unit-test";
		};
		405D3C212C41A5B1001B7A6A /* MeliDemoUITests */ = {
			isa = PBXNativeTarget;
			buildConfigurationList = 405D3C322C41A5B1001B7A6A /* Build configuration list for PBXNativeTarget "MeliDemoUITests" */;
			buildPhases = (
				405D3C1E2C41A5B1001B7A6A /* Sources */,
				405D3C1F2C41A5B1001B7A6A /* Frameworks */,
				405D3C202C41A5B1001B7A6A /* Resources */,
			);
			buildRules = (
			);
			dependencies = (
				405D3C242C41A5B1001B7A6A /* PBXTargetDependency */,
			);
			name = MeliDemoUITests;
			productName = MeliDemoUITests;
			productReference = 405D3C222C41A5B1001B7A6A /* MeliDemoUITests.xctest */;
			productType = "com.apple.product-type.bundle.ui-testing";
		};
/* End PBXNativeTarget section */

/* Begin PBXProject section */
		405D3BFA2C41A5B1001B7A6A /* Project object */ = {
			isa = PBXProject;
			attributes = {
				BuildIndependentTargetsInParallel = 1;
				LastSwiftUpdateCheck = 1530;
				LastUpgradeCheck = 1530;
				TargetAttributes = {
					405D3C012C41A5B1001B7A6A = {
						CreatedOnToolsVersion = 15.3;
					};
					405D3C172C41A5B1001B7A6A = {
						CreatedOnToolsVersion = 15.3;
						TestTargetID = 405D3C012C41A5B1001B7A6A;
					};
					405D3C212C41A5B1001B7A6A = {
						CreatedOnToolsVersion = 15.3;
						TestTargetID = 405D3C012C41A5B1001B7A6A;
					};
				};
			};
			buildConfigurationList = 405D3BFD2C41A5B1001B7A6A /* Build configuration list for PBXProject "MeliDemo" */;
			compatibilityVersion = "Xcode 14.0";
			developmentRegion = en;
			hasScannedForEncodings = 0;
			knownRegions = (
				en,
				Base,
			);
			mainGroup = 405D3BF92C41A5B1001B7A6A;
			packageReferences = (
				407F5A0C2C423F250047B95B /* XCRemoteSwiftPackageReference "Factory" */,
				40D030E42C461D540063E2D8 /* XCRemoteSwiftPackageReference "Kingfisher" */,
				40D030ED2C462F3B0063E2D8 /* XCRemoteSwiftPackageReference "SwiftfulLoadingIndicators" */,
			);
			productRefGroup = 405D3C032C41A5B1001B7A6A /* Products */;
			projectDirPath = "";
			projectRoot = "";
			targets = (
				405D3C012C41A5B1001B7A6A /* MeliDemo */,
				405D3C172C41A5B1001B7A6A /* MeliDemoTests */,
				405D3C212C41A5B1001B7A6A /* MeliDemoUITests */,
			);
		};
/* End PBXProject section */

/* Begin PBXResourcesBuildPhase section */
		405D3C002C41A5B1001B7A6A /* Resources */ = {
			isa = PBXResourcesBuildPhase;
			buildActionMask = 2147483647;
			files = (
				405D3C0F2C41A5B1001B7A6A /* Assets.xcassets in Resources */,
				407F5A0B2C423E670047B95B /* LaunchScreen.storyboard in Resources */,
				405D3C122C41A5B1001B7A6A /* Base in Resources */,
				405D04F42C421BC50093A082 /* (null) in Resources */,
			);
			runOnlyForDeploymentPostprocessing = 0;
		};
		405D3C162C41A5B1001B7A6A /* Resources */ = {
			isa = PBXResourcesBuildPhase;
			buildActionMask = 2147483647;
			files = (
				403540392C48663D0098D2FC /* mockSearchResponse.json in Resources */,
			);
			runOnlyForDeploymentPostprocessing = 0;
		};
		405D3C202C41A5B1001B7A6A /* Resources */ = {
			isa = PBXResourcesBuildPhase;
			buildActionMask = 2147483647;
			files = (
			);
			runOnlyForDeploymentPostprocessing = 0;
		};
/* End PBXResourcesBuildPhase section */

/* Begin PBXSourcesBuildPhase section */
		405D3BFE2C41A5B1001B7A6A /* Sources */ = {
			isa = PBXSourcesBuildPhase;
			buildActionMask = 2147483647;
			files = (
				40D030E32C460CB70063E2D8 /* ItemRowView.swift in Sources */,
				40D030DD2C45DC9E0063E2D8 /* ItemModel.swift in Sources */,
				405D04F02C4211760093A082 /* ListSearchViewModel.swift in Sources */,
				406EDFB82C47A15F006BCDCD /* PictureModel.swift in Sources */,
				40D030D72C45A4640063E2D8 /* Bundle.swift in Sources */,
				40D81D722C47699900CC949B /* ItemDetailViewModel.swift in Sources */,
				405D3C062C41A5B1001B7A6A /* AppDelegate.swift in Sources */,
				405D04EE2C4211490093A082 /* ListSearchView.swift in Sources */,
				405D049C2C41A8E80093A082 /* TabBarViewController.swift in Sources */,
				406EDFB62C47A142006BCDCD /* AttributeModel.swift in Sources */,
				40D030DF2C45DCCE0063E2D8 /* SearchResponse.swift in Sources */,
				405D3C082C41A5B1001B7A6A /* SceneDelegate.swift in Sources */,
				40D030E92C4629300063E2D8 /* AsyncContentView.swift in Sources */,
				40D030EC2C4629640063E2D8 /* ErrorView.swift in Sources */,
				40D81D5E2C47661600CC949B /* NavigationManager.swift in Sources */,
				401B17ED2C49E989001D104F /* AttributeListView.swift in Sources */,
				405D049F2C41B08A0093A082 /* SearchBarView.swift in Sources */,
				406EDFB42C47A127006BCDCD /* SellerModel.swift in Sources */,
				400CD8B92C47600000ABD914 /* ItemDetailView.swift in Sources */,
				401B17EF2C49EC95001D104F /* AttributesDetailView.swift in Sources */,
				407F5A112C423F530047B95B /* APIManager.swift in Sources */,
				40D030DA2C45A69A0063E2D8 /* Constants.swift in Sources */,
				40D030E12C4609910063E2D8 /* Double+Extras.swift in Sources */,
			);
			runOnlyForDeploymentPostprocessing = 0;
		};
		405D3C142C41A5B1001B7A6A /* Sources */ = {
			isa = PBXSourcesBuildPhase;
			buildActionMask = 2147483647;
			files = (
				405CC49E2C485F4B00306E09 /* ListSearchViewModelTest.swift in Sources */,
				405CC49A2C485D3300306E09 /* MockService.swift in Sources */,
				4035403B2C4867020098D2FC /* Helpers+Extras.swift in Sources */,
			);
			runOnlyForDeploymentPostprocessing = 0;
		};
		405D3C1E2C41A5B1001B7A6A /* Sources */ = {
			isa = PBXSourcesBuildPhase;
			buildActionMask = 2147483647;
			files = (
				405D3C292C41A5B1001B7A6A /* MeliDemoUITestsLaunchTests.swift in Sources */,
				405D3C272C41A5B1001B7A6A /* MeliDemoUITests.swift in Sources */,
			);
			runOnlyForDeploymentPostprocessing = 0;
		};
/* End PBXSourcesBuildPhase section */

/* Begin PBXTargetDependency section */
		405D3C1A2C41A5B1001B7A6A /* PBXTargetDependency */ = {
			isa = PBXTargetDependency;
			target = 405D3C012C41A5B1001B7A6A /* MeliDemo */;
			targetProxy = 405D3C192C41A5B1001B7A6A /* PBXContainerItemProxy */;
		};
		405D3C242C41A5B1001B7A6A /* PBXTargetDependency */ = {
			isa = PBXTargetDependency;
			target = 405D3C012C41A5B1001B7A6A /* MeliDemo */;
			targetProxy = 405D3C232C41A5B1001B7A6A /* PBXContainerItemProxy */;
		};
/* End PBXTargetDependency section */

/* Begin PBXVariantGroup section */
		405D3C102C41A5B1001B7A6A /* LaunchScreen.storyboard */ = {
			isa = PBXVariantGroup;
			children = (
				405D3C112C41A5B1001B7A6A /* Base */,
			);
			name = LaunchScreen.storyboard;
			sourceTree = "<group>";
		};
/* End PBXVariantGroup section */

/* Begin XCBuildConfiguration section */
		405D3C2A2C41A5B1001B7A6A /* Debug */ = {
			isa = XCBuildConfiguration;
			buildSettings = {
				ALWAYS_SEARCH_USER_PATHS = NO;
				ASSETCATALOG_COMPILER_GENERATE_SWIFT_ASSET_SYMBOL_EXTENSIONS = YES;
				CLANG_ANALYZER_NONNULL = YES;
				CLANG_ANALYZER_NUMBER_OBJECT_CONVERSION = YES_AGGRESSIVE;
				CLANG_CXX_LANGUAGE_STANDARD = "gnu++20";
				CLANG_ENABLE_MODULES = YES;
				CLANG_ENABLE_OBJC_ARC = YES;
				CLANG_ENABLE_OBJC_WEAK = YES;
				CLANG_WARN_BLOCK_CAPTURE_AUTORELEASING = YES;
				CLANG_WARN_BOOL_CONVERSION = YES;
				CLANG_WARN_COMMA = YES;
				CLANG_WARN_CONSTANT_CONVERSION = YES;
				CLANG_WARN_DEPRECATED_OBJC_IMPLEMENTATIONS = YES;
				CLANG_WARN_DIRECT_OBJC_ISA_USAGE = YES_ERROR;
				CLANG_WARN_DOCUMENTATION_COMMENTS = YES;
				CLANG_WARN_EMPTY_BODY = YES;
				CLANG_WARN_ENUM_CONVERSION = YES;
				CLANG_WARN_INFINITE_RECURSION = YES;
				CLANG_WARN_INT_CONVERSION = YES;
				CLANG_WARN_NON_LITERAL_NULL_CONVERSION = YES;
				CLANG_WARN_OBJC_IMPLICIT_RETAIN_SELF = YES;
				CLANG_WARN_OBJC_LITERAL_CONVERSION = YES;
				CLANG_WARN_OBJC_ROOT_CLASS = YES_ERROR;
				CLANG_WARN_QUOTED_INCLUDE_IN_FRAMEWORK_HEADER = YES;
				CLANG_WARN_RANGE_LOOP_ANALYSIS = YES;
				CLANG_WARN_STRICT_PROTOTYPES = YES;
				CLANG_WARN_SUSPICIOUS_MOVE = YES;
				CLANG_WARN_UNGUARDED_AVAILABILITY = YES_AGGRESSIVE;
				CLANG_WARN_UNREACHABLE_CODE = YES;
				CLANG_WARN__DUPLICATE_METHOD_MATCH = YES;
				COPY_PHASE_STRIP = NO;
				DEBUG_INFORMATION_FORMAT = dwarf;
				ENABLE_STRICT_OBJC_MSGSEND = YES;
				ENABLE_TESTABILITY = YES;
				ENABLE_USER_SCRIPT_SANDBOXING = YES;
				GCC_C_LANGUAGE_STANDARD = gnu17;
				GCC_DYNAMIC_NO_PIC = NO;
				GCC_NO_COMMON_BLOCKS = YES;
				GCC_OPTIMIZATION_LEVEL = 0;
				GCC_PREPROCESSOR_DEFINITIONS = (
					"DEBUG=1",
					"$(inherited)",
				);
				GCC_WARN_64_TO_32_BIT_CONVERSION = YES;
				GCC_WARN_ABOUT_RETURN_TYPE = YES_ERROR;
				GCC_WARN_UNDECLARED_SELECTOR = YES;
				GCC_WARN_UNINITIALIZED_AUTOS = YES_AGGRESSIVE;
				GCC_WARN_UNUSED_FUNCTION = YES;
				GCC_WARN_UNUSED_VARIABLE = YES;
				IPHONEOS_DEPLOYMENT_TARGET = 17.4;
				LOCALIZATION_PREFERS_STRING_CATALOGS = YES;
				MTL_ENABLE_DEBUG_INFO = INCLUDE_SOURCE;
				MTL_FAST_MATH = YES;
				ONLY_ACTIVE_ARCH = YES;
				SDKROOT = iphoneos;
				SWIFT_ACTIVE_COMPILATION_CONDITIONS = "DEBUG $(inherited)";
				SWIFT_OPTIMIZATION_LEVEL = "-Onone";
			};
			name = Debug;
		};
		405D3C2B2C41A5B1001B7A6A /* Release */ = {
			isa = XCBuildConfiguration;
			buildSettings = {
				ALWAYS_SEARCH_USER_PATHS = NO;
				ASSETCATALOG_COMPILER_GENERATE_SWIFT_ASSET_SYMBOL_EXTENSIONS = YES;
				CLANG_ANALYZER_NONNULL = YES;
				CLANG_ANALYZER_NUMBER_OBJECT_CONVERSION = YES_AGGRESSIVE;
				CLANG_CXX_LANGUAGE_STANDARD = "gnu++20";
				CLANG_ENABLE_MODULES = YES;
				CLANG_ENABLE_OBJC_ARC = YES;
				CLANG_ENABLE_OBJC_WEAK = YES;
				CLANG_WARN_BLOCK_CAPTURE_AUTORELEASING = YES;
				CLANG_WARN_BOOL_CONVERSION = YES;
				CLANG_WARN_COMMA = YES;
				CLANG_WARN_CONSTANT_CONVERSION = YES;
				CLANG_WARN_DEPRECATED_OBJC_IMPLEMENTATIONS = YES;
				CLANG_WARN_DIRECT_OBJC_ISA_USAGE = YES_ERROR;
				CLANG_WARN_DOCUMENTATION_COMMENTS = YES;
				CLANG_WARN_EMPTY_BODY = YES;
				CLANG_WARN_ENUM_CONVERSION = YES;
				CLANG_WARN_INFINITE_RECURSION = YES;
				CLANG_WARN_INT_CONVERSION = YES;
				CLANG_WARN_NON_LITERAL_NULL_CONVERSION = YES;
				CLANG_WARN_OBJC_IMPLICIT_RETAIN_SELF = YES;
				CLANG_WARN_OBJC_LITERAL_CONVERSION = YES;
				CLANG_WARN_OBJC_ROOT_CLASS = YES_ERROR;
				CLANG_WARN_QUOTED_INCLUDE_IN_FRAMEWORK_HEADER = YES;
				CLANG_WARN_RANGE_LOOP_ANALYSIS = YES;
				CLANG_WARN_STRICT_PROTOTYPES = YES;
				CLANG_WARN_SUSPICIOUS_MOVE = YES;
				CLANG_WARN_UNGUARDED_AVAILABILITY = YES_AGGRESSIVE;
				CLANG_WARN_UNREACHABLE_CODE = YES;
				CLANG_WARN__DUPLICATE_METHOD_MATCH = YES;
				COPY_PHASE_STRIP = NO;
				DEBUG_INFORMATION_FORMAT = "dwarf-with-dsym";
				ENABLE_NS_ASSERTIONS = NO;
				ENABLE_STRICT_OBJC_MSGSEND = YES;
				ENABLE_USER_SCRIPT_SANDBOXING = YES;
				GCC_C_LANGUAGE_STANDARD = gnu17;
				GCC_NO_COMMON_BLOCKS = YES;
				GCC_WARN_64_TO_32_BIT_CONVERSION = YES;
				GCC_WARN_ABOUT_RETURN_TYPE = YES_ERROR;
				GCC_WARN_UNDECLARED_SELECTOR = YES;
				GCC_WARN_UNINITIALIZED_AUTOS = YES_AGGRESSIVE;
				GCC_WARN_UNUSED_FUNCTION = YES;
				GCC_WARN_UNUSED_VARIABLE = YES;
				IPHONEOS_DEPLOYMENT_TARGET = 17.4;
				LOCALIZATION_PREFERS_STRING_CATALOGS = YES;
				MTL_ENABLE_DEBUG_INFO = NO;
				MTL_FAST_MATH = YES;
				SDKROOT = iphoneos;
				SWIFT_COMPILATION_MODE = wholemodule;
				VALIDATE_PRODUCT = YES;
			};
			name = Release;
		};
		405D3C2D2C41A5B1001B7A6A /* Debug */ = {
			isa = XCBuildConfiguration;
			buildSettings = {
				ASSETCATALOG_COMPILER_APPICON_NAME = AppIcon;
				ASSETCATALOG_COMPILER_GLOBAL_ACCENT_COLOR_NAME = AccentColor;
				CODE_SIGN_STYLE = Automatic;
				CURRENT_PROJECT_VERSION = 1;
				DEVELOPMENT_TEAM = N5B5236N46;
				GENERATE_INFOPLIST_FILE = YES;
				INFOPLIST_FILE = MeliDemo/Info.plist;
				INFOPLIST_KEY_UIApplicationSupportsIndirectInputEvents = YES;
				INFOPLIST_KEY_UILaunchStoryboardName = LaunchScreen.storyboard;
				INFOPLIST_KEY_UISupportedInterfaceOrientations_iPad = "UIInterfaceOrientationPortrait UIInterfaceOrientationPortraitUpsideDown UIInterfaceOrientationLandscapeLeft UIInterfaceOrientationLandscapeRight";
				INFOPLIST_KEY_UISupportedInterfaceOrientations_iPhone = "UIInterfaceOrientationPortrait UIInterfaceOrientationLandscapeLeft UIInterfaceOrientationLandscapeRight";
				INFOPLIST_KEY_UIUserInterfaceStyle = Light;
				LD_RUNPATH_SEARCH_PATHS = (
					"$(inherited)",
					"@executable_path/Frameworks",
				);
				MARKETING_VERSION = 1.0;
				PRODUCT_BUNDLE_IDENTIFIER = cristian.MeliDemo;
				PRODUCT_NAME = "$(TARGET_NAME)";
				SWIFT_EMIT_LOC_STRINGS = YES;
				SWIFT_VERSION = 5.0;
				TARGETED_DEVICE_FAMILY = "1,2";
			};
			name = Debug;
		};
		405D3C2E2C41A5B1001B7A6A /* Release */ = {
			isa = XCBuildConfiguration;
			buildSettings = {
				ASSETCATALOG_COMPILER_APPICON_NAME = AppIcon;
				ASSETCATALOG_COMPILER_GLOBAL_ACCENT_COLOR_NAME = AccentColor;
				CODE_SIGN_STYLE = Automatic;
				CURRENT_PROJECT_VERSION = 1;
				DEVELOPMENT_TEAM = N5B5236N46;
				GENERATE_INFOPLIST_FILE = YES;
				INFOPLIST_FILE = MeliDemo/Info.plist;
				INFOPLIST_KEY_UIApplicationSupportsIndirectInputEvents = YES;
				INFOPLIST_KEY_UILaunchStoryboardName = LaunchScreen.storyboard;
				INFOPLIST_KEY_UISupportedInterfaceOrientations_iPad = "UIInterfaceOrientationPortrait UIInterfaceOrientationPortraitUpsideDown UIInterfaceOrientationLandscapeLeft UIInterfaceOrientationLandscapeRight";
				INFOPLIST_KEY_UISupportedInterfaceOrientations_iPhone = "UIInterfaceOrientationPortrait UIInterfaceOrientationLandscapeLeft UIInterfaceOrientationLandscapeRight";
				INFOPLIST_KEY_UIUserInterfaceStyle = Light;
				LD_RUNPATH_SEARCH_PATHS = (
					"$(inherited)",
					"@executable_path/Frameworks",
				);
				MARKETING_VERSION = 1.0;
				PRODUCT_BUNDLE_IDENTIFIER = cristian.MeliDemo;
				PRODUCT_NAME = "$(TARGET_NAME)";
				SWIFT_EMIT_LOC_STRINGS = YES;
				SWIFT_VERSION = 5.0;
				TARGETED_DEVICE_FAMILY = "1,2";
			};
			name = Release;
		};
		405D3C302C41A5B1001B7A6A /* Debug */ = {
			isa = XCBuildConfiguration;
			buildSettings = {
				ALWAYS_EMBED_SWIFT_STANDARD_LIBRARIES = YES;
				BUNDLE_LOADER = "$(TEST_HOST)";
				CODE_SIGN_STYLE = Automatic;
				CURRENT_PROJECT_VERSION = 1;
				DEVELOPMENT_TEAM = N5B5236N46;
				GENERATE_INFOPLIST_FILE = YES;
				IPHONEOS_DEPLOYMENT_TARGET = 17.4;
				MARKETING_VERSION = 1.0;
				PRODUCT_BUNDLE_IDENTIFIER = cristian.MeliDemoTests;
				PRODUCT_NAME = "$(TARGET_NAME)";
				SWIFT_EMIT_LOC_STRINGS = NO;
				SWIFT_VERSION = 5.0;
				TARGETED_DEVICE_FAMILY = "1,2";
				TEST_HOST = "$(BUILT_PRODUCTS_DIR)/MeliDemo.app/$(BUNDLE_EXECUTABLE_FOLDER_PATH)/MeliDemo";
			};
			name = Debug;
		};
		405D3C312C41A5B1001B7A6A /* Release */ = {
			isa = XCBuildConfiguration;
			buildSettings = {
				ALWAYS_EMBED_SWIFT_STANDARD_LIBRARIES = YES;
				BUNDLE_LOADER = "$(TEST_HOST)";
				CODE_SIGN_STYLE = Automatic;
				CURRENT_PROJECT_VERSION = 1;
				DEVELOPMENT_TEAM = N5B5236N46;
				GENERATE_INFOPLIST_FILE = YES;
				IPHONEOS_DEPLOYMENT_TARGET = 17.4;
				MARKETING_VERSION = 1.0;
				PRODUCT_BUNDLE_IDENTIFIER = cristian.MeliDemoTests;
				PRODUCT_NAME = "$(TARGET_NAME)";
				SWIFT_EMIT_LOC_STRINGS = NO;
				SWIFT_VERSION = 5.0;
				TARGETED_DEVICE_FAMILY = "1,2";
				TEST_HOST = "$(BUILT_PRODUCTS_DIR)/MeliDemo.app/$(BUNDLE_EXECUTABLE_FOLDER_PATH)/MeliDemo";
			};
			name = Release;
		};
		405D3C332C41A5B1001B7A6A /* Debug */ = {
			isa = XCBuildConfiguration;
			buildSettings = {
				ALWAYS_EMBED_SWIFT_STANDARD_LIBRARIES = YES;
				CODE_SIGN_STYLE = Automatic;
				CURRENT_PROJECT_VERSION = 1;
				DEVELOPMENT_TEAM = N5B5236N46;
				GENERATE_INFOPLIST_FILE = YES;
				MARKETING_VERSION = 1.0;
				PRODUCT_BUNDLE_IDENTIFIER = cristian.MeliDemoUITests;
				PRODUCT_NAME = "$(TARGET_NAME)";
				SWIFT_EMIT_LOC_STRINGS = NO;
				SWIFT_VERSION = 5.0;
				TARGETED_DEVICE_FAMILY = "1,2";
				TEST_TARGET_NAME = MeliDemo;
			};
			name = Debug;
		};
		405D3C342C41A5B1001B7A6A /* Release */ = {
			isa = XCBuildConfiguration;
			buildSettings = {
				ALWAYS_EMBED_SWIFT_STANDARD_LIBRARIES = YES;
				CODE_SIGN_STYLE = Automatic;
				CURRENT_PROJECT_VERSION = 1;
				DEVELOPMENT_TEAM = N5B5236N46;
				GENERATE_INFOPLIST_FILE = YES;
				MARKETING_VERSION = 1.0;
				PRODUCT_BUNDLE_IDENTIFIER = cristian.MeliDemoUITests;
				PRODUCT_NAME = "$(TARGET_NAME)";
				SWIFT_EMIT_LOC_STRINGS = NO;
				SWIFT_VERSION = 5.0;
				TARGETED_DEVICE_FAMILY = "1,2";
				TEST_TARGET_NAME = MeliDemo;
			};
			name = Release;
		};
/* End XCBuildConfiguration section */

/* Begin XCConfigurationList section */
		405D3BFD2C41A5B1001B7A6A /* Build configuration list for PBXProject "MeliDemo" */ = {
			isa = XCConfigurationList;
			buildConfigurations = (
				405D3C2A2C41A5B1001B7A6A /* Debug */,
				405D3C2B2C41A5B1001B7A6A /* Release */,
			);
			defaultConfigurationIsVisible = 0;
			defaultConfigurationName = Release;
		};
		405D3C2C2C41A5B1001B7A6A /* Build configuration list for PBXNativeTarget "MeliDemo" */ = {
			isa = XCConfigurationList;
			buildConfigurations = (
				405D3C2D2C41A5B1001B7A6A /* Debug */,
				405D3C2E2C41A5B1001B7A6A /* Release */,
			);
			defaultConfigurationIsVisible = 0;
			defaultConfigurationName = Release;
		};
		405D3C2F2C41A5B1001B7A6A /* Build configuration list for PBXNativeTarget "MeliDemoTests" */ = {
			isa = XCConfigurationList;
			buildConfigurations = (
				405D3C302C41A5B1001B7A6A /* Debug */,
				405D3C312C41A5B1001B7A6A /* Release */,
			);
			defaultConfigurationIsVisible = 0;
			defaultConfigurationName = Release;
		};
		405D3C322C41A5B1001B7A6A /* Build configuration list for PBXNativeTarget "MeliDemoUITests" */ = {
			isa = XCConfigurationList;
			buildConfigurations = (
				405D3C332C41A5B1001B7A6A /* Debug */,
				405D3C342C41A5B1001B7A6A /* Release */,
			);
			defaultConfigurationIsVisible = 0;
			defaultConfigurationName = Release;
		};
/* End XCConfigurationList section */

/* Begin XCRemoteSwiftPackageReference section */
		407F5A0C2C423F250047B95B /* XCRemoteSwiftPackageReference "Factory" */ = {
			isa = XCRemoteSwiftPackageReference;
			repositoryURL = "https://github.com/hmlongco/Factory.git";
			requirement = {
				kind = upToNextMajorVersion;
				minimumVersion = 2.3.2;
			};
		};
		40D030E42C461D540063E2D8 /* XCRemoteSwiftPackageReference "Kingfisher" */ = {
			isa = XCRemoteSwiftPackageReference;
			repositoryURL = "https://github.com/onevcat/Kingfisher.git";
			requirement = {
				kind = upToNextMajorVersion;
				minimumVersion = 7.12.0;
			};
		};
		40D030ED2C462F3B0063E2D8 /* XCRemoteSwiftPackageReference "SwiftfulLoadingIndicators" */ = {
			isa = XCRemoteSwiftPackageReference;
			repositoryURL = "https://github.com/SwiftfulThinking/SwiftfulLoadingIndicators.git";
			requirement = {
				kind = upToNextMajorVersion;
				minimumVersion = 0.0.4;
			};
		};
/* End XCRemoteSwiftPackageReference section */

/* Begin XCSwiftPackageProductDependency section */
		407F5A0D2C423F250047B95B /* Factory */ = {
			isa = XCSwiftPackageProductDependency;
			package = 407F5A0C2C423F250047B95B /* XCRemoteSwiftPackageReference "Factory" */;
			productName = Factory;
		};
		40D030E52C461D540063E2D8 /* Kingfisher */ = {
			isa = XCSwiftPackageProductDependency;
			package = 40D030E42C461D540063E2D8 /* XCRemoteSwiftPackageReference "Kingfisher" */;
			productName = Kingfisher;
		};
		40D030EE2C462F3B0063E2D8 /* SwiftfulLoadingIndicators */ = {
			isa = XCSwiftPackageProductDependency;
			package = 40D030ED2C462F3B0063E2D8 /* XCRemoteSwiftPackageReference "SwiftfulLoadingIndicators" */;
			productName = SwiftfulLoadingIndicators;
		};
/* End XCSwiftPackageProductDependency section */
	};
	rootObject = 405D3BFA2C41A5B1001B7A6A /* Project object */;
}
