// !$*UTF8*$!
{
	archiveVersion = 1;
	classes = {
	};
	objectVersion = 56;
	objects = {

/* Begin PBXBuildFile section */
		405D3C062C41A5B1001B7A6A /* AppDelegate.swift in Sources */ = {isa = PBXBuildFile; fileRef = 405D3C052C41A5B1001B7A6A /* AppDelegate.swift */; };
		405D3C082C41A5B1001B7A6A /* SceneDelegate.swift in Sources */ = {isa = PBXBuildFile; fileRef = 405D3C072C41A5B1001B7A6A /* SceneDelegate.swift */; };
		405D3C0A2C41A5B1001B7A6A /* ViewController.swift in Sources */ = {isa = PBXBuildFile; fileRef = 405D3C092C41A5B1001B7A6A /* ViewController.swift */; };
		405D3C0D2C41A5B1001B7A6A /* Base in Resources */ = {isa = PBXBuildFile; fileRef = 405D3C0C2C41A5B1001B7A6A /* Base */; };
		405D3C0F2C41A5B1001B7A6A /* Assets.xcassets in Resources */ = {isa = PBXBuildFile; fileRef = 405D3C0E2C41A5B1001B7A6A /* Assets.xcassets */; };
		405D3C122C41A5B1001B7A6A /* Base in Resources */ = {isa = PBXBuildFile; fileRef = 405D3C112C41A5B1001B7A6A /* Base */; };
		405D3C1D2C41A5B1001B7A6A /* MeliDemoTests.swift in Sources */ = {isa = PBXBuildFile; fileRef = 405D3C1C2C41A5B1001B7A6A /* MeliDemoTests.swift */; };
		405D3C272C41A5B1001B7A6A /* MeliDemoUITests.swift in Sources */ = {isa = PBXBuildFile; fileRef = 405D3C262C41A5B1001B7A6A /* MeliDemoUITests.swift */; };
		405D3C292C41A5B1001B7A6A /* MeliDemoUITestsLaunchTests.swift in Sources */ = {isa = PBXBuildFile; fileRef = 405D3C282C41A5B1001B7A6A /* MeliDemoUITestsLaunchTests.swift */; };
/* End PBXBuildFile section */

/* Begin PBXContainerItemProxy section */
		405D3C192C41A5B1001B7A6A /* PBXContainerItemProxy */ = {
			isa = PBXContainerItemProxy;
			containerPortal = 405D3BFA2C41A5B1001B7A6A /* Project object */;
			proxyType = 1;
			remoteGlobalIDString = 405D3C012C41A5B1001B7A6A;
			remoteInfo = MeliDemo;
		};
		405D3C232C41A5B1001B7A6A /* PBXContainerItemProxy */ = {
			isa = PBXContainerItemProxy;
			containerPortal = 405D3BFA2C41A5B1001B7A6A /* Project object */;
			proxyType = 1;
			remoteGlobalIDString = 405D3C012C41A5B1001B7A6A;
			remoteInfo = MeliDemo;
		};
/* End PBXContainerItemProxy section */

/* Begin PBXFileReference section */
		405D3C022C41A5B1001B7A6A /* MeliDemo.app */ = {isa = PBXFileReference; explicitFileType = wrapper.application; includeInIndex = 0; path = MeliDemo.app; sourceTree = BUILT_PRODUCTS_DIR; };
		405D3C052C41A5B1001B7A6A /* AppDelegate.swift */ = {isa = PBXFileReference; lastKnownFileType = sourcecode.swift; path = AppDelegate.swift; sourceTree = "<group>"; };
		405D3C072C41A5B1001B7A6A /* SceneDelegate.swift */ = {isa = PBXFileReference; lastKnownFileType = sourcecode.swift; path = SceneDelegate.swift; sourceTree = "<group>"; };
		405D3C092C41A5B1001B7A6A /* ViewController.swift */ = {isa = PBXFileReference; lastKnownFileType = sourcecode.swift; path = ViewController.swift; sourceTree = "<group>"; };
		405D3C0C2C41A5B1001B7A6A /* Base */ = {isa = PBXFileReference; lastKnownFileType = file.storyboard; name = Base; path = Base.lproj/Main.storyboard; sourceTree = "<group>"; };
		405D3C0E2C41A5B1001B7A6A /* Assets.xcassets */ = {isa = PBXFileReference; lastKnownFileType = folder.assetcatalog; path = Assets.xcassets; sourceTree = "<group>"; };
		405D3C112C41A5B1001B7A6A /* Base */ = {isa = PBXFileReference; lastKnownFileType = file.storyboard; name = Base; path = Base.lproj/LaunchScreen.storyboard; sourceTree = "<group>"; };
		405D3C132C41A5B1001B7A6A /* Info.plist */ = {isa = PBXFileReference; lastKnownFileType = text.plist.xml; path = Info.plist; sourceTree = "<group>"; };
		405D3C182C41A5B1001B7A6A /* MeliDemoTests.xctest */ = {isa = PBXFileReference; explicitFileType = wrapper.cfbundle; includeInIndex = 0; path = MeliDemoTests.xctest; sourceTree = BUILT_PRODUCTS_DIR; };
		405D3C1C2C41A5B1001B7A6A /* MeliDemoTests.swift */ = {isa = PBXFileReference; lastKnownFileType = sourcecode.swift; path = MeliDemoTests.swift; sourceTree = "<group>"; };
		405D3C222C41A5B1001B7A6A /* MeliDemoUITests.xctest */ = {isa = PBXFileReference; explicitFileType = wrapper.cfbundle; includeInIndex = 0; path = MeliDemoUITests.xctest; sourceTree = BUILT_PRODUCTS_DIR; };
		405D3C262C41A5B1001B7A6A /* MeliDemoUITests.swift */ = {isa = PBXFileReference; lastKnownFileType = sourcecode.swift; path = MeliDemoUITests.swift; sourceTree = "<group>"; };
		405D3C282C41A5B1001B7A6A /* MeliDemoUITestsLaunchTests.swift */ = {isa = PBXFileReference; lastKnownFileType = sourcecode.swift; path = MeliDemoUITestsLaunchTests.swift; sourceTree = "<group>"; };
/* End PBXFileReference section */

/* Begin PBXFrameworksBuildPhase section */
		405D3BFF2C41A5B1001B7A6A /* Frameworks */ = {
			isa = PBXFrameworksBuildPhase;
			buildActionMask = 2147483647;
			files = (
			);
			runOnlyForDeploymentPostprocessing = 0;
		};
		405D3C152C41A5B1001B7A6A /* Frameworks */ = {
			isa = PBXFrameworksBuildPhase;
			buildActionMask = 2147483647;
			files = (
			);
			runOnlyForDeploymentPostprocessing = 0;
		};
		405D3C1F2C41A5B1001B7A6A /* Frameworks */ = {
			isa = PBXFrameworksBuildPhase;
			buildActionMask = 2147483647;
			files = (
			);
			runOnlyForDeploymentPostprocessing = 0;
		};
/* End PBXFrameworksBuildPhase section */

/* Begin PBXGroup section */
		405D3BF92C41A5B1001B7A6A = {
			isa = PBXGroup;
			children = (
				405D3C042C41A5B1001B7A6A /* MeliDemo */,
				405D3C1B2C41A5B1001B7A6A /* MeliDemoTests */,
				405D3C252C41A5B1001B7A6A /* MeliDemoUITests */,
				405D3C032C41A5B1001B7A6A /* Products */,
			);
			sourceTree = "<group>";
		};
		405D3C032C41A5B1001B7A6A /* Products */ = {
			isa = PBXGroup;
			children = (
				405D3C022C41A5B1001B7A6A /* MeliDemo.app */,
				405D3C182C41A5B1001B7A6A /* MeliDemoTests.xctest */,
				405D3C222C41A5B1001B7A6A /* MeliDemoUITests.xctest */,
			);
			name = Products;
			sourceTree = "<group>";
		};
		405D3C042C41A5B1001B7A6A /* MeliDemo */ = {
			isa = PBXGroup;
			children = (
				405D3C052C41A5B1001B7A6A /* AppDelegate.swift */,
				405D3C072C41A5B1001B7A6A /* SceneDelegate.swift */,
				405D3C092C41A5B1001B7A6A /* ViewController.swift */,
				405D3C0B2C41A5B1001B7A6A /* Main.storyboard */,
				405D3C0E2C41A5B1001B7A6A /* Assets.xcassets */,
				405D3C102C41A5B1001B7A6A /* LaunchScreen.storyboard */,
				405D3C132C41A5B1001B7A6A /* Info.plist */,
			);
			path = MeliDemo;
			sourceTree = "<group>";
		};
		405D3C1B2C41A5B1001B7A6A /* MeliDemoTests */ = {
			isa = PBXGroup;
			children = (
				405D3C1C2C41A5B1001B7A6A /* MeliDemoTests.swift */,
			);
			path = MeliDemoTests;
			sourceTree = "<group>";
		};
		405D3C252C41A5B1001B7A6A /* MeliDemoUITests */ = {
			isa = PBXGroup;
			children = (
				405D3C262C41A5B1001B7A6A /* MeliDemoUITests.swift */,
				405D3C282C41A5B1001B7A6A /* MeliDemoUITestsLaunchTests.swift */,
			);
			path = MeliDemoUITests;
			sourceTree = "<group>";
		};
/* End PBXGroup section */

/* Begin PBXNativeTarget section */
		405D3C012C41A5B1001B7A6A /* MeliDemo */ = {
			isa = PBXNativeTarget;
			buildConfigurationList = 405D3C2C2C41A5B1001B7A6A /* Build configuration list for PBXNativeTarget "MeliDemo" */;
			buildPhases = (
				405D3BFE2C41A5B1001B7A6A /* Sources */,
				405D3BFF2C41A5B1001B7A6A /* Frameworks */,
				405D3C002C41A5B1001B7A6A /* Resources */,
			);
			buildRules = (
			);
			dependencies = (
			);
			name = MeliDemo;
			productName = MeliDemo;
			productReference = 405D3C022C41A5B1001B7A6A /* MeliDemo.app */;
			productType = "com.apple.product-type.application";
		};
		405D3C172C41A5B1001B7A6A /* MeliDemoTests */ = {
			isa = PBXNativeTarget;
			buildConfigurationList = 405D3C2F2C41A5B1001B7A6A /* Build configuration list for PBXNativeTarget "MeliDemoTests" */;
			buildPhases = (
				405D3C142C41A5B1001B7A6A /* Sources */,
				405D3C152C41A5B1001B7A6A /* Frameworks */,
				405D3C162C41A5B1001B7A6A /* Resources */,
			);
			buildRules = (
			);
			dependencies = (
				405D3C1A2C41A5B1001B7A6A /* PBXTargetDependency */,
			);
			name = MeliDemoTests;
			productName = MeliDemoTests;
			productReference = 405D3C182C41A5B1001B7A6A /* MeliDemoTests.xctest */;
			productType = "com.apple.product-type.bundle.unit-test";
		};
		405D3C212C41A5B1001B7A6A /* MeliDemoUITests */ = {
			isa = PBXNativeTarget;
			buildConfigurationList = 405D3C322C41A5B1001B7A6A /* Build configuration list for PBXNativeTarget "MeliDemoUITests" */;
			buildPhases = (
				405D3C1E2C41A5B1001B7A6A /* Sources */,
				405D3C1F2C41A5B1001B7A6A /* Frameworks */,
				405D3C202C41A5B1001B7A6A /* Resources */,
			);
			buildRules = (
			);
			dependencies = (
				405D3C242C41A5B1001B7A6A /* PBXTargetDependency */,
			);
			name = MeliDemoUITests;
			productName = MeliDemoUITests;
			productReference = 405D3C222C41A5B1001B7A6A /* MeliDemoUITests.xctest */;
			productType = "com.apple.product-type.bundle.ui-testing";
		};
/* End PBXNativeTarget section */

/* Begin PBXProject section */
		405D3BFA2C41A5B1001B7A6A /* Project object */ = {
			isa = PBXProject;
			attributes = {
				BuildIndependentTargetsInParallel = 1;
				LastSwiftUpdateCheck = 1530;
				LastUpgradeCheck = 1530;
				TargetAttributes = {
					405D3C012C41A5B1001B7A6A = {
						CreatedOnToolsVersion = 15.3;
					};
					405D3C172C41A5B1001B7A6A = {
						CreatedOnToolsVersion = 15.3;
						TestTargetID = 405D3C012C41A5B1001B7A6A;
					};
					405D3C212C41A5B1001B7A6A = {
						CreatedOnToolsVersion = 15.3;
						TestTargetID = 405D3C012C41A5B1001B7A6A;
					};
				};
			};
			buildConfigurationList = 405D3BFD2C41A5B1001B7A6A /* Build configuration list for PBXProject "MeliDemo" */;
			compatibilityVersion = "Xcode 14.0";
			developmentRegion = en;
			hasScannedForEncodings = 0;
			knownRegions = (
				en,
				Base,
			);
			mainGroup = 405D3BF92C41A5B1001B7A6A;
			productRefGroup = 405D3C032C41A5B1001B7A6A /* Products */;
			projectDirPath = "";
			projectRoot = "";
			targets = (
				405D3C012C41A5B1001B7A6A /* MeliDemo */,
				405D3C172C41A5B1001B7A6A /* MeliDemoTests */,
				405D3C212C41A5B1001B7A6A /* MeliDemoUITests */,
			);
		};
/* End PBXProject section */

/* Begin PBXResourcesBuildPhase section */
		405D3C002C41A5B1001B7A6A /* Resources */ = {
			isa = PBXResourcesBuildPhase;
			buildActionMask = 2147483647;
			files = (
				405D3C0F2C41A5B1001B7A6A /* Assets.xcassets in Resources */,
				405D3C122C41A5B1001B7A6A /* Base in Resources */,
				405D3C0D2C41A5B1001B7A6A /* Base in Resources */,
			);
			runOnlyForDeploymentPostprocessing = 0;
		};
		405D3C162C41A5B1001B7A6A /* Resources */ = {
			isa = PBXResourcesBuildPhase;
			buildActionMask = 2147483647;
			files = (
			);
			runOnlyForDeploymentPostprocessing = 0;
		};
		405D3C202C41A5B1001B7A6A /* Resources */ = {
			isa = PBXResourcesBuildPhase;
			buildActionMask = 2147483647;
			files = (
			);
			runOnlyForDeploymentPostprocessing = 0;
		};
/* End PBXResourcesBuildPhase section */

/* Begin PBXSourcesBuildPhase section */
		405D3BFE2C41A5B1001B7A6A /* Sources */ = {
			isa = PBXSourcesBuildPhase;
			buildActionMask = 2147483647;
			files = (
				405D3C0A2C41A5B1001B7A6A /* ViewController.swift in Sources */,
				405D3C062C41A5B1001B7A6A /* AppDelegate.swift in Sources */,
				405D3C082C41A5B1001B7A6A /* SceneDelegate.swift in Sources */,
			);
			runOnlyForDeploymentPostprocessing = 0;
		};
		405D3C142C41A5B1001B7A6A /* Sources */ = {
			isa = PBXSourcesBuildPhase;
			buildActionMask = 2147483647;
			files = (
				405D3C1D2C41A5B1001B7A6A /* MeliDemoTests.swift in Sources */,
			);
			runOnlyForDeploymentPostprocessing = 0;
		};
		405D3C1E2C41A5B1001B7A6A /* Sources */ = {
			isa = PBXSourcesBuildPhase;
			buildActionMask = 2147483647;
			files = (
				405D3C292C41A5B1001B7A6A /* MeliDemoUITestsLaunchTests.swift in Sources */,
				405D3C272C41A5B1001B7A6A /* MeliDemoUITests.swift in Sources */,
			);
			runOnlyForDeploymentPostprocessing = 0;
		};
/* End PBXSourcesBuildPhase section */

/* Begin PBXTargetDependency section */
		405D3C1A2C41A5B1001B7A6A /* PBXTargetDependency */ = {
			isa = PBXTargetDependency;
			target = 405D3C012C41A5B1001B7A6A /* MeliDemo */;
			targetProxy = 405D3C192C41A5B1001B7A6A /* PBXContainerItemProxy */;
		};
		405D3C242C41A5B1001B7A6A /* PBXTargetDependency */ = {
			isa = PBXTargetDependency;
			target = 405D3C012C41A5B1001B7A6A /* MeliDemo */;
			targetProxy = 405D3C232C41A5B1001B7A6A /* PBXContainerItemProxy */;
		};
/* End PBXTargetDependency section */

/* Begin PBXVariantGroup section */
		405D3C0B2C41A5B1001B7A6A /* Main.storyboard */ = {
			isa = PBXVariantGroup;
			children = (
				405D3C0C2C41A5B1001B7A6A /* Base */,
			);
			name = Main.storyboard;
			sourceTree = "<group>";
		};
		405D3C102C41A5B1001B7A6A /* LaunchScreen.storyboard */ = {
			isa = PBXVariantGroup;
			children = (
				405D3C112C41A5B1001B7A6A /* Base */,
			);
			name = LaunchScreen.storyboard;
			sourceTree = "<group>";
		};
/* End PBXVariantGroup section */

/* Begin XCBuildConfiguration section */
		405D3C2A2C41A5B1001B7A6A /* Debug */ = {
			isa = XCBuildConfiguration;
			buildSettings = {
				ALWAYS_SEARCH_USER_PATHS = NO;
				ASSETCATALOG_COMPILER_GENERATE_SWIFT_ASSET_SYMBOL_EXTENSIONS = YES;
				CLANG_ANALYZER_NONNULL = YES;
				CLANG_ANALYZER_NUMBER_OBJECT_CONVERSION = YES_AGGRESSIVE;
				CLANG_CXX_LANGUAGE_STANDARD = "gnu++20";
				CLANG_ENABLE_MODULES = YES;
				CLANG_ENABLE_OBJC_ARC = YES;
				CLANG_ENABLE_OBJC_WEAK = YES;
				CLANG_WARN_BLOCK_CAPTURE_AUTORELEASING = YES;
				CLANG_WARN_BOOL_CONVERSION = YES;
				CLANG_WARN_COMMA = YES;
				CLANG_WARN_CONSTANT_CONVERSION = YES;
				CLANG_WARN_DEPRECATED_OBJC_IMPLEMENTATIONS = YES;
				CLANG_WARN_DIRECT_OBJC_ISA_USAGE = YES_ERROR;
				CLANG_WARN_DOCUMENTATION_COMMENTS = YES;
				CLANG_WARN_EMPTY_BODY = YES;
				CLANG_WARN_ENUM_CONVERSION = YES;
				CLANG_WARN_INFINITE_RECURSION = YES;
				CLANG_WARN_INT_CONVERSION = YES;
				CLANG_WARN_NON_LITERAL_NULL_CONVERSION = YES;
				CLANG_WARN_OBJC_IMPLICIT_RETAIN_SELF = YES;
				CLANG_WARN_OBJC_LITERAL_CONVERSION = YES;
				CLANG_WARN_OBJC_ROOT_CLASS = YES_ERROR;
				CLANG_WARN_QUOTED_INCLUDE_IN_FRAMEWORK_HEADER = YES;
				CLANG_WARN_RANGE_LOOP_ANALYSIS = YES;
				CLANG_WARN_STRICT_PROTOTYPES = YES;
				CLANG_WARN_SUSPICIOUS_MOVE = YES;
				CLANG_WARN_UNGUARDED_AVAILABILITY = YES_AGGRESSIVE;
				CLANG_WARN_UNREACHABLE_CODE = YES;
				CLANG_WARN__DUPLICATE_METHOD_MATCH = YES;
				COPY_PHASE_STRIP = NO;
				DEBUG_INFORMATION_FORMAT = dwarf;
				ENABLE_STRICT_OBJC_MSGSEND = YES;
				ENABLE_TESTABILITY = YES;
				ENABLE_USER_SCRIPT_SANDBOXING = YES;
				GCC_C_LANGUAGE_STANDARD = gnu17;
				GCC_DYNAMIC_NO_PIC = NO;
				GCC_NO_COMMON_BLOCKS = YES;
				GCC_OPTIMIZATION_LEVEL = 0;
				GCC_PREPROCESSOR_DEFINITIONS = (
					"DEBUG=1",
					"$(inherited)",
				);
				GCC_WARN_64_TO_32_BIT_CONVERSION = YES;
				GCC_WARN_ABOUT_RETURN_TYPE = YES_ERROR;
				GCC_WARN_UNDECLARED_SELECTOR = YES;
				GCC_WARN_UNINITIALIZED_AUTOS = YES_AGGRESSIVE;
				GCC_WARN_UNUSED_FUNCTION = YES;
				GCC_WARN_UNUSED_VARIABLE = YES;
				IPHONEOS_DEPLOYMENT_TARGET = 17.4;
				LOCALIZATION_PREFERS_STRING_CATALOGS = YES;
				MTL_ENABLE_DEBUG_INFO = INCLUDE_SOURCE;
				MTL_FAST_MATH = YES;
				ONLY_ACTIVE_ARCH = YES;
				SDKROOT = iphoneos;
				SWIFT_ACTIVE_COMPILATION_CONDITIONS = "DEBUG $(inherited)";
				SWIFT_OPTIMIZATION_LEVEL = "-Onone";
			};
			name = Debug;
		};
		405D3C2B2C41A5B1001B7A6A /* Release */ = {
			isa = XCBuildConfiguration;
			buildSettings = {
				ALWAYS_SEARCH_USER_PATHS = NO;
				ASSETCATALOG_COMPILER_GENERATE_SWIFT_ASSET_SYMBOL_EXTENSIONS = YES;
				CLANG_ANALYZER_NONNULL = YES;
				CLANG_ANALYZER_NUMBER_OBJECT_CONVERSION = YES_AGGRESSIVE;
				CLANG_CXX_LANGUAGE_STANDARD = "gnu++20";
				CLANG_ENABLE_MODULES = YES;
				CLANG_ENABLE_OBJC_ARC = YES;
				CLANG_ENABLE_OBJC_WEAK = YES;
				CLANG_WARN_BLOCK_CAPTURE_AUTORELEASING = YES;
				CLANG_WARN_BOOL_CONVERSION = YES;
				CLANG_WARN_COMMA = YES;
				CLANG_WARN_CONSTANT_CONVERSION = YES;
				CLANG_WARN_DEPRECATED_OBJC_IMPLEMENTATIONS = YES;
				CLANG_WARN_DIRECT_OBJC_ISA_USAGE = YES_ERROR;
				CLANG_WARN_DOCUMENTATION_COMMENTS = YES;
				CLANG_WARN_EMPTY_BODY = YES;
				CLANG_WARN_ENUM_CONVERSION = YES;
				CLANG_WARN_INFINITE_RECURSION = YES;
				CLANG_WARN_INT_CONVERSION = YES;
				CLANG_WARN_NON_LITERAL_NULL_CONVERSION = YES;
				CLANG_WARN_OBJC_IMPLICIT_RETAIN_SELF = YES;
				CLANG_WARN_OBJC_LITERAL_CONVERSION = YES;
				CLANG_WARN_OBJC_ROOT_CLASS = YES_ERROR;
				CLANG_WARN_QUOTED_INCLUDE_IN_FRAMEWORK_HEADER = YES;
				CLANG_WARN_RANGE_LOOP_ANALYSIS = YES;
				CLANG_WARN_STRICT_PROTOTYPES = YES;
				CLANG_WARN_SUSPICIOUS_MOVE = YES;
				CLANG_WARN_UNGUARDED_AVAILABILITY = YES_AGGRESSIVE;
				CLANG_WARN_UNREACHABLE_CODE = YES;
				CLANG_WARN__DUPLICATE_METHOD_MATCH = YES;
				COPY_PHASE_STRIP = NO;
				DEBUG_INFORMATION_FORMAT = "dwarf-with-dsym";
				ENABLE_NS_ASSERTIONS = NO;
				ENABLE_STRICT_OBJC_MSGSEND = YES;
				ENABLE_USER_SCRIPT_SANDBOXING = YES;
				GCC_C_LANGUAGE_STANDARD = gnu17;
				GCC_NO_COMMON_BLOCKS = YES;
				GCC_WARN_64_TO_32_BIT_CONVERSION = YES;
				GCC_WARN_ABOUT_RETURN_TYPE = YES_ERROR;
				GCC_WARN_UNDECLARED_SELECTOR = YES;
				GCC_WARN_UNINITIALIZED_AUTOS = YES_AGGRESSIVE;
				GCC_WARN_UNUSED_FUNCTION = YES;
				GCC_WARN_UNUSED_VARIABLE = YES;
				IPHONEOS_DEPLOYMENT_TARGET = 17.4;
				LOCALIZATION_PREFERS_STRING_CATALOGS = YES;
				MTL_ENABLE_DEBUG_INFO = NO;
				MTL_FAST_MATH = YES;
				SDKROOT = iphoneos;
				SWIFT_COMPILATION_MODE = wholemodule;
				VALIDATE_PRODUCT = YES;
			};
			name = Release;
		};
		405D3C2D2C41A5B1001B7A6A /* Debug */ = {
			isa = XCBuildConfiguration;
			buildSettings = {
				ASSETCATALOG_COMPILER_APPICON_NAME = AppIcon;
				ASSETCATALOG_COMPILER_GLOBAL_ACCENT_COLOR_NAME = AccentColor;
				CODE_SIGN_STYLE = Automatic;
				CURRENT_PROJECT_VERSION = 1;
				DEVELOPMENT_TEAM = N5B5236N46;
				GENERATE_INFOPLIST_FILE = YES;
				INFOPLIST_FILE = MeliDemo/Info.plist;
				INFOPLIST_KEY_UIApplicationSupportsIndirectInputEvents = YES;
				INFOPLIST_KEY_UILaunchStoryboardName = LaunchScreen;
				INFOPLIST_KEY_UIMainStoryboardFile = Main;
				INFOPLIST_KEY_UISupportedInterfaceOrientations_iPad = "UIInterfaceOrientationPortrait UIInterfaceOrientationPortraitUpsideDown UIInterfaceOrientationLandscapeLeft UIInterfaceOrientationLandscapeRight";
				INFOPLIST_KEY_UISupportedInterfaceOrientations_iPhone = "UIInterfaceOrientationPortrait UIInterfaceOrientationLandscapeLeft UIInterfaceOrientationLandscapeRight";
				LD_RUNPATH_SEARCH_PATHS = (
					"$(inherited)",
					"@executable_path/Frameworks",
				);
				MARKETING_VERSION = 1.0;
				PRODUCT_BUNDLE_IDENTIFIER = cristian.MeliDemo;
				PRODUCT_NAME = "$(TARGET_NAME)";
				SWIFT_EMIT_LOC_STRINGS = YES;
				SWIFT_VERSION = 5.0;
				TARGETED_DEVICE_FAMILY = "1,2";
			};
			name = Debug;
		};
		405D3C2E2C41A5B1001B7A6A /* Release */ = {
			isa = XCBuildConfiguration;
			buildSettings = {
				ASSETCATALOG_COMPILER_APPICON_NAME = AppIcon;
				ASSETCATALOG_COMPILER_GLOBAL_ACCENT_COLOR_NAME = AccentColor;
				CODE_SIGN_STYLE = Automatic;
				CURRENT_PROJECT_VERSION = 1;
				DEVELOPMENT_TEAM = N5B5236N46;
				GENERATE_INFOPLIST_FILE = YES;
				INFOPLIST_FILE = MeliDemo/Info.plist;
				INFOPLIST_KEY_UIApplicationSupportsIndirectInputEvents = YES;
				INFOPLIST_KEY_UILaunchStoryboardName = LaunchScreen;
				INFOPLIST_KEY_UIMainStoryboardFile = Main;
				INFOPLIST_KEY_UISupportedInterfaceOrientations_iPad = "UIInterfaceOrientationPortrait UIInterfaceOrientationPortraitUpsideDown UIInterfaceOrientationLandscapeLeft UIInterfaceOrientationLandscapeRight";
				INFOPLIST_KEY_UISupportedInterfaceOrientations_iPhone = "UIInterfaceOrientationPortrait UIInterfaceOrientationLandscapeLeft UIInterfaceOrientationLandscapeRight";
				LD_RUNPATH_SEARCH_PATHS = (
					"$(inherited)",
					"@executable_path/Frameworks",
				);
				MARKETING_VERSION = 1.0;
				PRODUCT_BUNDLE_IDENTIFIER = cristian.MeliDemo;
				PRODUCT_NAME = "$(TARGET_NAME)";
				SWIFT_EMIT_LOC_STRINGS = YES;
				SWIFT_VERSION = 5.0;
				TARGETED_DEVICE_FAMILY = "1,2";
			};
			name = Release;
		};
		405D3C302C41A5B1001B7A6A /* Debug */ = {
			isa = XCBuildConfiguration;
			buildSettings = {
				ALWAYS_EMBED_SWIFT_STANDARD_LIBRARIES = YES;
				BUNDLE_LOADER = "$(TEST_HOST)";
				CODE_SIGN_STYLE = Automatic;
				CURRENT_PROJECT_VERSION = 1;
				DEVELOPMENT_TEAM = N5B5236N46;
				GENERATE_INFOPLIST_FILE = YES;
				IPHONEOS_DEPLOYMENT_TARGET = 17.4;
				MARKETING_VERSION = 1.0;
				PRODUCT_BUNDLE_IDENTIFIER = cristian.MeliDemoTests;
				PRODUCT_NAME = "$(TARGET_NAME)";
				SWIFT_EMIT_LOC_STRINGS = NO;
				SWIFT_VERSION = 5.0;
				TARGETED_DEVICE_FAMILY = "1,2";
				TEST_HOST = "$(BUILT_PRODUCTS_DIR)/MeliDemo.app/$(BUNDLE_EXECUTABLE_FOLDER_PATH)/MeliDemo";
			};
			name = Debug;
		};
		405D3C312C41A5B1001B7A6A /* Release */ = {
			isa = XCBuildConfiguration;
			buildSettings = {
				ALWAYS_EMBED_SWIFT_STANDARD_LIBRARIES = YES;
				BUNDLE_LOADER = "$(TEST_HOST)";
				CODE_SIGN_STYLE = Automatic;
				CURRENT_PROJECT_VERSION = 1;
				DEVELOPMENT_TEAM = N5B5236N46;
				GENERATE_INFOPLIST_FILE = YES;
				IPHONEOS_DEPLOYMENT_TARGET = 17.4;
				MARKETING_VERSION = 1.0;
				PRODUCT_BUNDLE_IDENTIFIER = cristian.MeliDemoTests;
				PRODUCT_NAME = "$(TARGET_NAME)";
				SWIFT_EMIT_LOC_STRINGS = NO;
				SWIFT_VERSION = 5.0;
				TARGETED_DEVICE_FAMILY = "1,2";
				TEST_HOST = "$(BUILT_PRODUCTS_DIR)/MeliDemo.app/$(BUNDLE_EXECUTABLE_FOLDER_PATH)/MeliDemo";
			};
			name = Release;
		};
		405D3C332C41A5B1001B7A6A /* Debug */ = {
			isa = XCBuildConfiguration;
			buildSettings = {
				ALWAYS_EMBED_SWIFT_STANDARD_LIBRARIES = YES;
				CODE_SIGN_STYLE = Automatic;
				CURRENT_PROJECT_VERSION = 1;
				DEVELOPMENT_TEAM = N5B5236N46;
				GENERATE_INFOPLIST_FILE = YES;
				MARKETING_VERSION = 1.0;
				PRODUCT_BUNDLE_IDENTIFIER = cristian.MeliDemoUITests;
				PRODUCT_NAME = "$(TARGET_NAME)";
				SWIFT_EMIT_LOC_STRINGS = NO;
				SWIFT_VERSION = 5.0;
				TARGETED_DEVICE_FAMILY = "1,2";
				TEST_TARGET_NAME = MeliDemo;
			};
			name = Debug;
		};
		405D3C342C41A5B1001B7A6A /* Release */ = {
			isa = XCBuildConfiguration;
			buildSettings = {
				ALWAYS_EMBED_SWIFT_STANDARD_LIBRARIES = YES;
				CODE_SIGN_STYLE = Automatic;
				CURRENT_PROJECT_VERSION = 1;
				DEVELOPMENT_TEAM = N5B5236N46;
				GENERATE_INFOPLIST_FILE = YES;
				MARKETING_VERSION = 1.0;
				PRODUCT_BUNDLE_IDENTIFIER = cristian.MeliDemoUITests;
				PRODUCT_NAME = "$(TARGET_NAME)";
				SWIFT_EMIT_LOC_STRINGS = NO;
				SWIFT_VERSION = 5.0;
				TARGETED_DEVICE_FAMILY = "1,2";
				TEST_TARGET_NAME = MeliDemo;
			};
			name = Release;
		};
/* End XCBuildConfiguration section */

/* Begin XCConfigurationList section */
		405D3BFD2C41A5B1001B7A6A /* Build configuration list for PBXProject "MeliDemo" */ = {
			isa = XCConfigurationList;
			buildConfigurations = (
				405D3C2A2C41A5B1001B7A6A /* Debug */,
				405D3C2B2C41A5B1001B7A6A /* Release */,
			);
			defaultConfigurationIsVisible = 0;
			defaultConfigurationName = Release;
		};
		405D3C2C2C41A5B1001B7A6A /* Build configuration list for PBXNativeTarget "MeliDemo" */ = {
			isa = XCConfigurationList;
			buildConfigurations = (
				405D3C2D2C41A5B1001B7A6A /* Debug */,
				405D3C2E2C41A5B1001B7A6A /* Release */,
			);
			defaultConfigurationIsVisible = 0;
			defaultConfigurationName = Release;
		};
		405D3C2F2C41A5B1001B7A6A /* Build configuration list for PBXNativeTarget "MeliDemoTests" */ = {
			isa = XCConfigurationList;
			buildConfigurations = (
				405D3C302C41A5B1001B7A6A /* Debug */,
				405D3C312C41A5B1001B7A6A /* Release */,
			);
			defaultConfigurationIsVisible = 0;
			defaultConfigurationName = Release;
		};
		405D3C322C41A5B1001B7A6A /* Build configuration list for PBXNativeTarget "MeliDemoUITests" */ = {
			isa = XCConfigurationList;
			buildConfigurations = (
				405D3C332C41A5B1001B7A6A /* Debug */,
				405D3C342C41A5B1001B7A6A /* Release */,
			);
			defaultConfigurationIsVisible = 0;
			defaultConfigurationName = Release;
		};
/* End XCConfigurationList section */
	};
	rootObject = 405D3BFA2C41A5B1001B7A6A /* Project object */;
}
